// !$*UTF8*$!
{
	archiveVersion = 1;
	classes = {
	};
	objectVersion = 77;
	objects = {

/* Begin PBXContainerItemProxy section */
		7CA188782E8B6CDF005E6ABF /* PBXContainerItemProxy */ = {
			isa = PBXContainerItemProxy;
			containerPortal = 7CA188622E8B6CDE005E6ABF /* Project object */;
			proxyType = 1;
			remoteGlobalIDString = 7CA188692E8B6CDE005E6ABF;
			remoteInfo = MovementDetectorTest;
		};
		7CA188822E8B6CDF005E6ABF /* PBXContainerItemProxy */ = {
			isa = PBXContainerItemProxy;
			containerPortal = 7CA188622E8B6CDE005E6ABF /* Project object */;
			proxyType = 1;
			remoteGlobalIDString = 7CA188692E8B6CDE005E6ABF;
			remoteInfo = MovementDetectorTest;
		};
/* End PBXContainerItemProxy section */

/* Begin PBXFileReference section */
		7CA1886A2E8B6CDE005E6ABF /* MovementDetectorTest.app */ = {isa = PBXFileReference; explicitFileType = wrapper.application; includeInIndex = 0; path = MovementDetectorTest.app; sourceTree = BUILT_PRODUCTS_DIR; };
		7CA188772E8B6CDF005E6ABF /* MovementDetectorTestTests.xctest */ = {isa = PBXFileReference; explicitFileType = wrapper.cfbundle; includeInIndex = 0; path = MovementDetectorTestTests.xctest; sourceTree = BUILT_PRODUCTS_DIR; };
		7CA188812E8B6CDF005E6ABF /* MovementDetectorTestUITests.xctest */ = {isa = PBXFileReference; explicitFileType = wrapper.cfbundle; includeInIndex = 0; path = MovementDetectorTestUITests.xctest; sourceTree = BUILT_PRODUCTS_DIR; };
/* End PBXFileReference section */

/* Begin PBXFileSystemSynchronizedBuildFileExceptionSet section */
		7CA188952E8B6DCA005E6ABF /* Exceptions for "MovementDetectorTest" folder in "MovementDetectorTest" target */ = {
			isa = PBXFileSystemSynchronizedBuildFileExceptionSet;
			membershipExceptions = (
				Info.plist,
			);
			target = 7CA188692E8B6CDE005E6ABF /* MovementDetectorTest */;
		};
/* End PBXFileSystemSynchronizedBuildFileExceptionSet section */

/* Begin PBXFileSystemSynchronizedRootGroup section */
		7CA1886C2E8B6CDE005E6ABF /* MovementDetectorTest */ = {
			isa = PBXFileSystemSynchronizedRootGroup;
			exceptions = (
				7CA188952E8B6DCA005E6ABF /* Exceptions for "MovementDetectorTest" folder in "MovementDetectorTest" target */,
			);
			path = MovementDetectorTest;
			sourceTree = "<group>";
		};
		7CA1887A2E8B6CDF005E6ABF /* MovementDetectorTestTests */ = {
			isa = PBXFileSystemSynchronizedRootGroup;
			path = MovementDetectorTestTests;
			sourceTree = "<group>";
		};
		7CA188842E8B6CDF005E6ABF /* MovementDetectorTestUITests */ = {
			isa = PBXFileSystemSynchronizedRootGroup;
			path = MovementDetectorTestUITests;
			sourceTree = "<group>";
		};
		7CFB47012E9493B3007CF2F3 /* RunsInBackrgound */ = {
			isa = PBXFileSystemSynchronizedRootGroup;
			path = RunsInBackrgound;
			sourceTree = "<group>";
		};
/* End PBXFileSystemSynchronizedRootGroup section */

/* Begin PBXFrameworksBuildPhase section */
		7CA188672E8B6CDE005E6ABF /* Frameworks */ = {
			isa = PBXFrameworksBuildPhase;
			buildActionMask = 2147483647;
			files = (
			);
			runOnlyForDeploymentPostprocessing = 0;
		};
		7CA188742E8B6CDF005E6ABF /* Frameworks */ = {
			isa = PBXFrameworksBuildPhase;
			buildActionMask = 2147483647;
			files = (
			);
			runOnlyForDeploymentPostprocessing = 0;
		};
		7CA1887E2E8B6CDF005E6ABF /* Frameworks */ = {
			isa = PBXFrameworksBuildPhase;
			buildActionMask = 2147483647;
			files = (
			);
			runOnlyForDeploymentPostprocessing = 0;
		};
/* End PBXFrameworksBuildPhase section */

/* Begin PBXGroup section */
		7CA188612E8B6CDE005E6ABF = {
			isa = PBXGroup;
			children = (
				7CA1886C2E8B6CDE005E6ABF /* MovementDetectorTest */,
				7CA1887A2E8B6CDF005E6ABF /* MovementDetectorTestTests */,
				7CA188842E8B6CDF005E6ABF /* MovementDetectorTestUITests */,
				7CA1886B2E8B6CDE005E6ABF /* Products */,
				7CFB47012E9493B3007CF2F3 /* RunsInBackrgound */,
			);
			sourceTree = "<group>";
		};
		7CA1886B2E8B6CDE005E6ABF /* Products */ = {
			isa = PBXGroup;
			children = (
				7CA1886A2E8B6CDE005E6ABF /* MovementDetectorTest.app */,
				7CA188772E8B6CDF005E6ABF /* MovementDetectorTestTests.xctest */,
				7CA188812E8B6CDF005E6ABF /* MovementDetectorTestUITests.xctest */,
			);
			name = Products;
			sourceTree = "<group>";
		};
/* End PBXGroup section */

/* Begin PBXNativeTarget section */
		7CA188692E8B6CDE005E6ABF /* MovementDetectorTest */ = {
			isa = PBXNativeTarget;
			buildConfigurationList = 7CA1888B2E8B6CDF005E6ABF /* Build configuration list for PBXNativeTarget "MovementDetectorTest" */;
			buildPhases = (
				7CA188662E8B6CDE005E6ABF /* Sources */,
				7CA188672E8B6CDE005E6ABF /* Frameworks */,
				7CA188682E8B6CDE005E6ABF /* Resources */,
			);
			buildRules = (
			);
			dependencies = (
			);
			fileSystemSynchronizedGroups = (
				7CA1886C2E8B6CDE005E6ABF /* MovementDetectorTest */,
				7CFB47012E9493B3007CF2F3 /* RunsInBackrgound */,
			);
			name = MovementDetectorTest;
			packageProductDependencies = (
			);
			productName = MovementDetectorTest;
			productReference = 7CA1886A2E8B6CDE005E6ABF /* MovementDetectorTest.app */;
			productType = "com.apple.product-type.application";
		};
		7CA188762E8B6CDF005E6ABF /* MovementDetectorTestTests */ = {
			isa = PBXNativeTarget;
			buildConfigurationList = 7CA1888E2E8B6CDF005E6ABF /* Build configuration list for PBXNativeTarget "MovementDetectorTestTests" */;
			buildPhases = (
				7CA188732E8B6CDF005E6ABF /* Sources */,
				7CA188742E8B6CDF005E6ABF /* Frameworks */,
				7CA188752E8B6CDF005E6ABF /* Resources */,
			);
			buildRules = (
			);
			dependencies = (
				7CA188792E8B6CDF005E6ABF /* PBXTargetDependency */,
			);
			fileSystemSynchronizedGroups = (
				7CA1887A2E8B6CDF005E6ABF /* MovementDetectorTestTests */,
			);
			name = MovementDetectorTestTests;
			packageProductDependencies = (
			);
			productName = MovementDetectorTestTests;
			productReference = 7CA188772E8B6CDF005E6ABF /* MovementDetectorTestTests.xctest */;
			productType = "com.apple.product-type.bundle.unit-test";
		};
		7CA188802E8B6CDF005E6ABF /* MovementDetectorTestUITests */ = {
			isa = PBXNativeTarget;
			buildConfigurationList = 7CA188912E8B6CDF005E6ABF /* Build configuration list for PBXNativeTarget "MovementDetectorTestUITests" */;
			buildPhases = (
				7CA1887D2E8B6CDF005E6ABF /* Sources */,
				7CA1887E2E8B6CDF005E6ABF /* Frameworks */,
				7CA1887F2E8B6CDF005E6ABF /* Resources */,
			);
			buildRules = (
			);
			dependencies = (
				7CA188832E8B6CDF005E6ABF /* PBXTargetDependency */,
			);
			fileSystemSynchronizedGroups = (
				7CA188842E8B6CDF005E6ABF /* MovementDetectorTestUITests */,
			);
			name = MovementDetectorTestUITests;
			packageProductDependencies = (
			);
			productName = MovementDetectorTestUITests;
			productReference = 7CA188812E8B6CDF005E6ABF /* MovementDetectorTestUITests.xctest */;
			productType = "com.apple.product-type.bundle.ui-testing";
		};
/* End PBXNativeTarget section */

/* Begin PBXProject section */
		7CA188622E8B6CDE005E6ABF /* Project object */ = {
			isa = PBXProject;
			attributes = {
				BuildIndependentTargetsInParallel = 1;
				LastSwiftUpdateCheck = 2600;
				LastUpgradeCheck = 2600;
				TargetAttributes = {
					7CA188692E8B6CDE005E6ABF = {
						CreatedOnToolsVersion = 26.0;
					};
					7CA188762E8B6CDF005E6ABF = {
						CreatedOnToolsVersion = 26.0;
						TestTargetID = 7CA188692E8B6CDE005E6ABF;
					};
					7CA188802E8B6CDF005E6ABF = {
						CreatedOnToolsVersion = 26.0;
						TestTargetID = 7CA188692E8B6CDE005E6ABF;
					};
				};
			};
			buildConfigurationList = 7CA188652E8B6CDE005E6ABF /* Build configuration list for PBXProject "MovementDetectorTest" */;
			developmentRegion = en;
			hasScannedForEncodings = 0;
			knownRegions = (
				en,
				Base,
			);
			mainGroup = 7CA188612E8B6CDE005E6ABF;
			minimizedProjectReferenceProxies = 1;
			preferredProjectObjectVersion = 77;
			productRefGroup = 7CA1886B2E8B6CDE005E6ABF /* Products */;
			projectDirPath = "";
			projectRoot = "";
			targets = (
				7CA188692E8B6CDE005E6ABF /* MovementDetectorTest */,
				7CA188762E8B6CDF005E6ABF /* MovementDetectorTestTests */,
				7CA188802E8B6CDF005E6ABF /* MovementDetectorTestUITests */,
			);
		};
/* End PBXProject section */

/* Begin PBXResourcesBuildPhase section */
		7CA188682E8B6CDE005E6ABF /* Resources */ = {
			isa = PBXResourcesBuildPhase;
			buildActionMask = 2147483647;
			files = (
			);
			runOnlyForDeploymentPostprocessing = 0;
		};
		7CA188752E8B6CDF005E6ABF /* Resources */ = {
			isa = PBXResourcesBuildPhase;
			buildActionMask = 2147483647;
			files = (
			);
			runOnlyForDeploymentPostprocessing = 0;
		};
		7CA1887F2E8B6CDF005E6ABF /* Resources */ = {
			isa = PBXResourcesBuildPhase;
			buildActionMask = 2147483647;
			files = (
			);
			runOnlyForDeploymentPostprocessing = 0;
		};
/* End PBXResourcesBuildPhase section */

/* Begin PBXSourcesBuildPhase section */
		7CA188662E8B6CDE005E6ABF /* Sources */ = {
			isa = PBXSourcesBuildPhase;
			buildActionMask = 2147483647;
			files = (
			);
			runOnlyForDeploymentPostprocessing = 0;
		};
		7CA188732E8B6CDF005E6ABF /* Sources */ = {
			isa = PBXSourcesBuildPhase;
			buildActionMask = 2147483647;
			files = (
			);
			runOnlyForDeploymentPostprocessing = 0;
		};
		7CA1887D2E8B6CDF005E6ABF /* Sources */ = {
			isa = PBXSourcesBuildPhase;
			buildActionMask = 2147483647;
			files = (
			);
			runOnlyForDeploymentPostprocessing = 0;
		};
/* End PBXSourcesBuildPhase section */

/* Begin PBXTargetDependency section */
		7CA188792E8B6CDF005E6ABF /* PBXTargetDependency */ = {
			isa = PBXTargetDependency;
			target = 7CA188692E8B6CDE005E6ABF /* MovementDetectorTest */;
			targetProxy = 7CA188782E8B6CDF005E6ABF /* PBXContainerItemProxy */;
		};
		7CA188832E8B6CDF005E6ABF /* PBXTargetDependency */ = {
			isa = PBXTargetDependency;
			target = 7CA188692E8B6CDE005E6ABF /* MovementDetectorTest */;
			targetProxy = 7CA188822E8B6CDF005E6ABF /* PBXContainerItemProxy */;
		};
/* End PBXTargetDependency section */

/* Begin XCBuildConfiguration section */
		7CA188892E8B6CDF005E6ABF /* Debug */ = {
			isa = XCBuildConfiguration;
			buildSettings = {
				ALWAYS_SEARCH_USER_PATHS = NO;
				ASSETCATALOG_COMPILER_GENERATE_SWIFT_ASSET_SYMBOL_EXTENSIONS = YES;
				CLANG_ANALYZER_NONNULL = YES;
				CLANG_ANALYZER_NUMBER_OBJECT_CONVERSION = YES_AGGRESSIVE;
				CLANG_CXX_LANGUAGE_STANDARD = "gnu++20";
				CLANG_ENABLE_MODULES = YES;
				CLANG_ENABLE_OBJC_ARC = YES;
				CLANG_ENABLE_OBJC_WEAK = YES;
				CLANG_WARN_BLOCK_CAPTURE_AUTORELEASING = YES;
				CLANG_WARN_BOOL_CONVERSION = YES;
				CLANG_WARN_COMMA = YES;
				CLANG_WARN_CONSTANT_CONVERSION = YES;
				CLANG_WARN_DEPRECATED_OBJC_IMPLEMENTATIONS = YES;
				CLANG_WARN_DIRECT_OBJC_ISA_USAGE = YES_ERROR;
				CLANG_WARN_DOCUMENTATION_COMMENTS = YES;
				CLANG_WARN_EMPTY_BODY = YES;
				CLANG_WARN_ENUM_CONVERSION = YES;
				CLANG_WARN_INFINITE_RECURSION = YES;
				CLANG_WARN_INT_CONVERSION = YES;
				CLANG_WARN_NON_LITERAL_NULL_CONVERSION = YES;
				CLANG_WARN_OBJC_IMPLICIT_RETAIN_SELF = YES;
				CLANG_WARN_OBJC_LITERAL_CONVERSION = YES;
				CLANG_WARN_OBJC_ROOT_CLASS = YES_ERROR;
				CLANG_WARN_QUOTED_INCLUDE_IN_FRAMEWORK_HEADER = YES;
				CLANG_WARN_RANGE_LOOP_ANALYSIS = YES;
				CLANG_WARN_STRICT_PROTOTYPES = YES;
				CLANG_WARN_SUSPICIOUS_MOVE = YES;
				CLANG_WARN_UNGUARDED_AVAILABILITY = YES_AGGRESSIVE;
				CLANG_WARN_UNREACHABLE_CODE = YES;
				CLANG_WARN__DUPLICATE_METHOD_MATCH = YES;
				COPY_PHASE_STRIP = NO;
				DEBUG_INFORMATION_FORMAT = dwarf;
				DEVELOPMENT_TEAM = 25C6TYUK25;
				ENABLE_STRICT_OBJC_MSGSEND = YES;
				ENABLE_TESTABILITY = YES;
				ENABLE_USER_SCRIPT_SANDBOXING = YES;
				GCC_C_LANGUAGE_STANDARD = gnu17;
				GCC_DYNAMIC_NO_PIC = NO;
				GCC_NO_COMMON_BLOCKS = YES;
				GCC_OPTIMIZATION_LEVEL = 0;
				GCC_PREPROCESSOR_DEFINITIONS = (
					"DEBUG=1",
					"$(inherited)",
				);
				GCC_WARN_64_TO_32_BIT_CONVERSION = YES;
				GCC_WARN_ABOUT_RETURN_TYPE = YES_ERROR;
				GCC_WARN_UNDECLARED_SELECTOR = YES;
				GCC_WARN_UNINITIALIZED_AUTOS = YES_AGGRESSIVE;
				GCC_WARN_UNUSED_FUNCTION = YES;
				GCC_WARN_UNUSED_VARIABLE = YES;
				IPHONEOS_DEPLOYMENT_TARGET = 26.0;
				LOCALIZATION_PREFERS_STRING_CATALOGS = YES;
				MTL_ENABLE_DEBUG_INFO = INCLUDE_SOURCE;
				MTL_FAST_MATH = YES;
				ONLY_ACTIVE_ARCH = YES;
				SDKROOT = iphoneos;
				SWIFT_ACTIVE_COMPILATION_CONDITIONS = "DEBUG $(inherited)";
				SWIFT_OPTIMIZATION_LEVEL = "-Onone";
			};
			name = Debug;
		};
		7CA1888A2E8B6CDF005E6ABF /* Release */ = {
			isa = XCBuildConfiguration;
			buildSettings = {
				ALWAYS_SEARCH_USER_PATHS = NO;
				ASSETCATALOG_COMPILER_GENERATE_SWIFT_ASSET_SYMBOL_EXTENSIONS = YES;
				CLANG_ANALYZER_NONNULL = YES;
				CLANG_ANALYZER_NUMBER_OBJECT_CONVERSION = YES_AGGRESSIVE;
				CLANG_CXX_LANGUAGE_STANDARD = "gnu++20";
				CLANG_ENABLE_MODULES = YES;
				CLANG_ENABLE_OBJC_ARC = YES;
				CLANG_ENABLE_OBJC_WEAK = YES;
				CLANG_WARN_BLOCK_CAPTURE_AUTORELEASING = YES;
				CLANG_WARN_BOOL_CONVERSION = YES;
				CLANG_WARN_COMMA = YES;
				CLANG_WARN_CONSTANT_CONVERSION = YES;
				CLANG_WARN_DEPRECATED_OBJC_IMPLEMENTATIONS = YES;
				CLANG_WARN_DIRECT_OBJC_ISA_USAGE = YES_ERROR;
				CLANG_WARN_DOCUMENTATION_COMMENTS = YES;
				CLANG_WARN_EMPTY_BODY = YES;
				CLANG_WARN_ENUM_CONVERSION = YES;
				CLANG_WARN_INFINITE_RECURSION = YES;
				CLANG_WARN_INT_CONVERSION = YES;
				CLANG_WARN_NON_LITERAL_NULL_CONVERSION = YES;
				CLANG_WARN_OBJC_IMPLICIT_RETAIN_SELF = YES;
				CLANG_WARN_OBJC_LITERAL_CONVERSION = YES;
				CLANG_WARN_OBJC_ROOT_CLASS = YES_ERROR;
				CLANG_WARN_QUOTED_INCLUDE_IN_FRAMEWORK_HEADER = YES;
				CLANG_WARN_RANGE_LOOP_ANALYSIS = YES;
				CLANG_WARN_STRICT_PROTOTYPES = YES;
				CLANG_WARN_SUSPICIOUS_MOVE = YES;
				CLANG_WARN_UNGUARDED_AVAILABILITY = YES_AGGRESSIVE;
				CLANG_WARN_UNREACHABLE_CODE = YES;
				CLANG_WARN__DUPLICATE_METHOD_MATCH = YES;
				COPY_PHASE_STRIP = NO;
				DEBUG_INFORMATION_FORMAT = "dwarf-with-dsym";
				DEVELOPMENT_TEAM = 25C6TYUK25;
				ENABLE_NS_ASSERTIONS = NO;
				ENABLE_STRICT_OBJC_MSGSEND = YES;
				ENABLE_USER_SCRIPT_SANDBOXING = YES;
				GCC_C_LANGUAGE_STANDARD = gnu17;
				GCC_NO_COMMON_BLOCKS = YES;
				GCC_WARN_64_TO_32_BIT_CONVERSION = YES;
				GCC_WARN_ABOUT_RETURN_TYPE = YES_ERROR;
				GCC_WARN_UNDECLARED_SELECTOR = YES;
				GCC_WARN_UNINITIALIZED_AUTOS = YES_AGGRESSIVE;
				GCC_WARN_UNUSED_FUNCTION = YES;
				GCC_WARN_UNUSED_VARIABLE = YES;
				IPHONEOS_DEPLOYMENT_TARGET = 26.0;
				LOCALIZATION_PREFERS_STRING_CATALOGS = YES;
				MTL_ENABLE_DEBUG_INFO = NO;
				MTL_FAST_MATH = YES;
				SDKROOT = iphoneos;
				SWIFT_COMPILATION_MODE = wholemodule;
				VALIDATE_PRODUCT = YES;
			};
			name = Release;
		};
		7CA1888C2E8B6CDF005E6ABF /* Debug */ = {
			isa = XCBuildConfiguration;
			buildSettings = {
				ASSETCATALOG_COMPILER_APPICON_NAME = AppIcon;
				ASSETCATALOG_COMPILER_GLOBAL_ACCENT_COLOR_NAME = AccentColor;
				CODE_SIGN_STYLE = Automatic;
				CURRENT_PROJECT_VERSION = 1;
				DEVELOPMENT_TEAM = 25C6TYUK25;
				ENABLE_PREVIEWS = YES;
				GENERATE_INFOPLIST_FILE = YES;
				INFOPLIST_FILE = MovementDetectorTest/Info.plist;
				INFOPLIST_KEY_NSLocationAlwaysUsageDescription = "'ij'j'pji'pjm";
				INFOPLIST_KEY_NSLocationWhenInUseUsageDescription = mokoko;
				INFOPLIST_KEY_NSMotionUsageDescription = "This app needs to access your motion data to detect when you are walking or running.";
				INFOPLIST_KEY_UIApplicationSceneManifest_Generation = YES;
				INFOPLIST_KEY_UIApplicationSupportsIndirectInputEvents = YES;
				INFOPLIST_KEY_UILaunchScreen_Generation = YES;
				INFOPLIST_KEY_UISupportedInterfaceOrientations_iPad = "UIInterfaceOrientationPortrait UIInterfaceOrientationPortraitUpsideDown UIInterfaceOrientationLandscapeLeft UIInterfaceOrientationLandscapeRight";
				INFOPLIST_KEY_UISupportedInterfaceOrientations_iPhone = "UIInterfaceOrientationPortrait UIInterfaceOrientationLandscapeLeft UIInterfaceOrientationLandscapeRight";
				LD_RUNPATH_SEARCH_PATHS = (
					"$(inherited)",
					"@executable_path/Frameworks",
				);
				MARKETING_VERSION = 1.0;
				PRODUCT_BUNDLE_IDENTIFIER = Adrian.MovementDetectorTest;
				PRODUCT_NAME = "$(TARGET_NAME)";
				STRING_CATALOG_GENERATE_SYMBOLS = YES;
				SWIFT_APPROACHABLE_CONCURRENCY = YES;
				SWIFT_DEFAULT_ACTOR_ISOLATION = MainActor;
				SWIFT_EMIT_LOC_STRINGS = YES;
				SWIFT_UPCOMING_FEATURE_MEMBER_IMPORT_VISIBILITY = YES;
				SWIFT_VERSION = 5.0;
				TARGETED_DEVICE_FAMILY = "1,2";
			};
			name = Debug;
		};
		7CA1888D2E8B6CDF005E6ABF /* Release */ = {
			isa = XCBuildConfiguration;
			buildSettings = {
				ASSETCATALOG_COMPILER_APPICON_NAME = AppIcon;
				ASSETCATALOG_COMPILER_GLOBAL_ACCENT_COLOR_NAME = AccentColor;
				CODE_SIGN_STYLE = Automatic;
				CURRENT_PROJECT_VERSION = 1;
				DEVELOPMENT_TEAM = 25C6TYUK25;
				ENABLE_PREVIEWS = YES;
				GENERATE_INFOPLIST_FILE = YES;
				INFOPLIST_FILE = MovementDetectorTest/Info.plist;
				INFOPLIST_KEY_NSLocationAlwaysUsageDescription = "'ij'j'pji'pjm";
				INFOPLIST_KEY_NSLocationWhenInUseUsageDescription = mokoko;
				INFOPLIST_KEY_NSMotionUsageDescription = "This app needs to access your motion data to detect when you are walking or running.";
				INFOPLIST_KEY_UIApplicationSceneManifest_Generation = YES;
				INFOPLIST_KEY_UIApplicationSupportsIndirectInputEvents = YES;
				INFOPLIST_KEY_UILaunchScreen_Generation = YES;
				INFOPLIST_KEY_UISupportedInterfaceOrientations_iPad = "UIInterfaceOrientationPortrait UIInterfaceOrientationPortraitUpsideDown UIInterfaceOrientationLandscapeLeft UIInterfaceOrientationLandscapeRight";
				INFOPLIST_KEY_UISupportedInterfaceOrientations_iPhone = "UIInterfaceOrientationPortrait UIInterfaceOrientationLandscapeLeft UIInterfaceOrientationLandscapeRight";
				LD_RUNPATH_SEARCH_PATHS = (
					"$(inherited)",
					"@executable_path/Frameworks",
				);
				MARKETING_VERSION = 1.0;
				PRODUCT_BUNDLE_IDENTIFIER = Adrian.MovementDetectorTest;
				PRODUCT_NAME = "$(TARGET_NAME)";
				STRING_CATALOG_GENERATE_SYMBOLS = YES;
				SWIFT_APPROACHABLE_CONCURRENCY = YES;
				SWIFT_DEFAULT_ACTOR_ISOLATION = MainActor;
				SWIFT_EMIT_LOC_STRINGS = YES;
				SWIFT_UPCOMING_FEATURE_MEMBER_IMPORT_VISIBILITY = YES;
				SWIFT_VERSION = 5.0;
				TARGETED_DEVICE_FAMILY = "1,2";
			};
			name = Release;
		};
		7CA1888F2E8B6CDF005E6ABF /* Debug */ = {
			isa = XCBuildConfiguration;
			buildSettings = {
				BUNDLE_LOADER = "$(TEST_HOST)";
				CODE_SIGN_STYLE = Automatic;
				CURRENT_PROJECT_VERSION = 1;
				DEVELOPMENT_TEAM = 25C6TYUK25;
				GENERATE_INFOPLIST_FILE = YES;
				IPHONEOS_DEPLOYMENT_TARGET = 26.0;
				MARKETING_VERSION = 1.0;
				PRODUCT_BUNDLE_IDENTIFIER = Adrian.MovementDetectorTestTests;
				PRODUCT_NAME = "$(TARGET_NAME)";
				STRING_CATALOG_GENERATE_SYMBOLS = NO;
				SWIFT_APPROACHABLE_CONCURRENCY = YES;
				SWIFT_EMIT_LOC_STRINGS = NO;
				SWIFT_UPCOMING_FEATURE_MEMBER_IMPORT_VISIBILITY = YES;
				SWIFT_VERSION = 5.0;
				TARGETED_DEVICE_FAMILY = "1,2";
				TEST_HOST = "$(BUILT_PRODUCTS_DIR)/MovementDetectorTest.app/$(BUNDLE_EXECUTABLE_FOLDER_PATH)/MovementDetectorTest";
			};
			name = Debug;
		};
		7CA188902E8B6CDF005E6ABF /* Release */ = {
			isa = XCBuildConfiguration;
			buildSettings = {
				BUNDLE_LOADER = "$(TEST_HOST)";
				CODE_SIGN_STYLE = Automatic;
				CURRENT_PROJECT_VERSION = 1;
				DEVELOPMENT_TEAM = 25C6TYUK25;
				GENERATE_INFOPLIST_FILE = YES;
				IPHONEOS_DEPLOYMENT_TARGET = 26.0;
				MARKETING_VERSION = 1.0;
				PRODUCT_BUNDLE_IDENTIFIER = Adrian.MovementDetectorTestTests;
				PRODUCT_NAME = "$(TARGET_NAME)";
				STRING_CATALOG_GENERATE_SYMBOLS = NO;
				SWIFT_APPROACHABLE_CONCURRENCY = YES;
				SWIFT_EMIT_LOC_STRINGS = NO;
				SWIFT_UPCOMING_FEATURE_MEMBER_IMPORT_VISIBILITY = YES;
				SWIFT_VERSION = 5.0;
				TARGETED_DEVICE_FAMILY = "1,2";
				TEST_HOST = "$(BUILT_PRODUCTS_DIR)/MovementDetectorTest.app/$(BUNDLE_EXECUTABLE_FOLDER_PATH)/MovementDetectorTest";
			};
			name = Release;
		};
		7CA188922E8B6CDF005E6ABF /* Debug */ = {
			isa = XCBuildConfiguration;
			buildSettings = {
				CODE_SIGN_STYLE = Automatic;
				CURRENT_PROJECT_VERSION = 1;
				DEVELOPMENT_TEAM = 25C6TYUK25;
				GENERATE_INFOPLIST_FILE = YES;
				MARKETING_VERSION = 1.0;
				PRODUCT_BUNDLE_IDENTIFIER = Adrian.MovementDetectorTestUITests;
				PRODUCT_NAME = "$(TARGET_NAME)";
				STRING_CATALOG_GENERATE_SYMBOLS = NO;
				SWIFT_APPROACHABLE_CONCURRENCY = YES;
				SWIFT_EMIT_LOC_STRINGS = NO;
				SWIFT_UPCOMING_FEATURE_MEMBER_IMPORT_VISIBILITY = YES;
				SWIFT_VERSION = 5.0;
				TARGETED_DEVICE_FAMILY = "1,2";
				TEST_TARGET_NAME = MovementDetectorTest;
			};
			name = Debug;
		};
		7CA188932E8B6CDF005E6ABF /* Release */ = {
			isa = XCBuildConfiguration;
			buildSettings = {
				CODE_SIGN_STYLE = Automatic;
				CURRENT_PROJECT_VERSION = 1;
				DEVELOPMENT_TEAM = 25C6TYUK25;
				GENERATE_INFOPLIST_FILE = YES;
				MARKETING_VERSION = 1.0;
				PRODUCT_BUNDLE_IDENTIFIER = Adrian.MovementDetectorTestUITests;
				PRODUCT_NAME = "$(TARGET_NAME)";
				STRING_CATALOG_GENERATE_SYMBOLS = NO;
				SWIFT_APPROACHABLE_CONCURRENCY = YES;
				SWIFT_EMIT_LOC_STRINGS = NO;
				SWIFT_UPCOMING_FEATURE_MEMBER_IMPORT_VISIBILITY = YES;
				SWIFT_VERSION = 5.0;
				TARGETED_DEVICE_FAMILY = "1,2";
				TEST_TARGET_NAME = MovementDetectorTest;
			};
			name = Release;
		};
/* End XCBuildConfiguration section */

/* Begin XCConfigurationList section */
		7CA188652E8B6CDE005E6ABF /* Build configuration list for PBXProject "MovementDetectorTest" */ = {
			isa = XCConfigurationList;
			buildConfigurations = (
				7CA188892E8B6CDF005E6ABF /* Debug */,
				7CA1888A2E8B6CDF005E6ABF /* Release */,
			);
			defaultConfigurationIsVisible = 0;
			defaultConfigurationName = Release;
		};
		7CA1888B2E8B6CDF005E6ABF /* Build configuration list for PBXNativeTarget "MovementDetectorTest" */ = {
			isa = XCConfigurationList;
			buildConfigurations = (
				7CA1888C2E8B6CDF005E6ABF /* Debug */,
				7CA1888D2E8B6CDF005E6ABF /* Release */,
			);
			defaultConfigurationIsVisible = 0;
			defaultConfigurationName = Release;
		};
		7CA1888E2E8B6CDF005E6ABF /* Build configuration list for PBXNativeTarget "MovementDetectorTestTests" */ = {
			isa = XCConfigurationList;
			buildConfigurations = (
				7CA1888F2E8B6CDF005E6ABF /* Debug */,
				7CA188902E8B6CDF005E6ABF /* Release */,
			);
			defaultConfigurationIsVisible = 0;
			defaultConfigurationName = Release;
		};
		7CA188912E8B6CDF005E6ABF /* Build configuration list for PBXNativeTarget "MovementDetectorTestUITests" */ = {
			isa = XCConfigurationList;
			buildConfigurations = (
				7CA188922E8B6CDF005E6ABF /* Debug */,
				7CA188932E8B6CDF005E6ABF /* Release */,
			);
			defaultConfigurationIsVisible = 0;
			defaultConfigurationName = Release;
		};
/* End XCConfigurationList section */
	};
	rootObject = 7CA188622E8B6CDE005E6ABF /* Project object */;
}
